{
  "version": 4,
  "terraform_version": "0.12.18",
  "serial": 702,
  "lineage": "9bfbb24b-0e1a-7186-d6f8-31c901c2da67",
  "outputs": {
    "ci_instance_ip_addr": {
      "value": "52.53.178.202",
      "type": "string"
    }
  },
  "resources": [
    {
      "module": "module.vpc",
      "mode": "managed",
      "type": "aws_eip",
      "name": "nat_gateway",
      "each": "list",
      "provider": "provider.aws",
      "instances": []
    },
    {
      "module": "module.ci_instance",
      "mode": "managed",
      "type": "aws_instance",
      "name": "ec2-instance",
      "provider": "provider.aws",
      "instances": [
        {
          "schema_version": 1,
          "attributes": {
            "ami": "ami-094f0176b0d009d9f",
            "arn": "arn:aws:ec2:us-west-1:219905775130:instance/i-0e10710ce138022be",
            "associate_public_ip_address": true,
            "availability_zone": "us-west-1a",
            "cpu_core_count": 2,
            "cpu_threads_per_core": 1,
            "credit_specification": [
              {
                "cpu_credits": "standard"
              }
            ],
            "disable_api_termination": false,
            "ebs_block_device": [],
            "ebs_optimized": false,
            "ephemeral_block_device": [],
            "get_password_data": false,
            "host_id": null,
            "iam_instance_profile": "",
            "id": "i-0e10710ce138022be",
            "instance_initiated_shutdown_behavior": null,
            "instance_state": "running",
            "instance_type": "t2.medium",
            "ipv6_address_count": 0,
            "ipv6_addresses": [],
            "key_name": "reconciliation-key",
            "monitoring": false,
            "network_interface": [],
            "network_interface_id": null,
            "password_data": "",
            "placement_group": "",
            "primary_network_interface_id": "eni-0d72d49f475a3fece",
            "private_dns": "ip-10-250-192-45.us-west-1.compute.internal",
            "private_ip": "10.250.192.45",
            "public_dns": "ec2-52-53-178-202.us-west-1.compute.amazonaws.com",
            "public_ip": "52.53.178.202",
            "root_block_device": [
              {
                "delete_on_termination": true,
                "encrypted": false,
                "iops": 192,
                "kms_key_id": "",
                "volume_id": "vol-03ab1f78679bf61fb",
                "volume_size": 64,
                "volume_type": "gp2"
              }
            ],
            "security_groups": [],
            "source_dest_check": true,
            "subnet_id": "subnet-0cf97d5041fb56eb5",
            "tags": {
              "Cost Center": "reconciliation",
              "Name": "reconciliation_ci"
            },
            "tenancy": "default",
            "timeouts": null,
            "user_data": null,
            "user_data_base64": null,
            "volume_tags": {},
            "vpc_security_group_ids": [
              "sg-07dee08055446caa9"
            ]
          },
          "private": "eyJlMmJmYjczMC1lY2FhLTExZTYtOGY4OC0zNDM2M2JjN2M0YzAiOnsiY3JlYXRlIjo2MDAwMDAwMDAwMDAsImRlbGV0ZSI6MTIwMDAwMDAwMDAwMCwidXBkYXRlIjo2MDAwMDAwMDAwMDB9LCJzY2hlbWFfdmVyc2lvbiI6IjEifQ==",
          "dependencies": [
            "module.key_pair.aws_key_pair.generated_key",
            "module.key_pair.tls_private_key.private_key",
            "module.security_group.aws_security_group.security_group",
            "module.vpc.aws_subnet.public",
            "module.vpc.aws_vpc.default"
          ]
        }
      ]
    },
    {
      "module": "module.vpc",
      "mode": "managed",
      "type": "aws_internet_gateway",
      "name": "default",
      "provider": "provider.aws",
      "instances": [
        {
          "schema_version": 0,
          "attributes": {
            "id": "igw-0823116c5bd1c158a",
            "owner_id": "219905775130",
            "tags": {
              "Name": "reconciliation_vpc"
            },
            "vpc_id": "vpc-010f1ba37c259180c"
          },
          "private": "bnVsbA==",
          "dependencies": [
            "module.vpc.aws_vpc.default"
          ]
        }
      ]
    },
    {
      "module": "module.key_pair",
      "mode": "managed",
      "type": "aws_key_pair",
      "name": "generated_key",
      "provider": "provider.aws",
      "instances": [
        {
          "schema_version": 1,
          "attributes": {
            "fingerprint": "70:5f:20:2d:3c:00:47:6e:32:f3:a3:e0:ed:7a:ae:cb",
            "id": "reconciliation-key",
            "key_name": "reconciliation-key",
            "key_name_prefix": null,
            "public_key": "ssh-rsa AAAAB3NzaC1yc2EAAAADAQABAAABAQDbcpMtbZDg4uncLDYAoVJv+hPO8DAL0jbCt6qvOwEN2IDD7SJ7pTYT95QMLsyhRck8S4Ukk+o5Ssd1ru0IGeFQwfOpuynFGSaGI7V+ptHR71WcSTTiorBPVsW3OQSYIHNohIlei9O4OUyeqFSrEEhmibagBDS/0/XwwYk/OHq2K1o9YY96O/BSFF2Lz+jN/g5hl9X0L1OZsiqkPysPk+f2XKxa/cr8yaiwODnupuuS5wRh9FgyjsemUFZpRii+7cOG4ATV4fxf9xETmXW0Jc63gyeMCZCY7ZfzweHdaPg8mQKhNs9n38nRuzKtGPRb189qr05oyS1oga9q1NGFA/KV"
          },
          "private": "eyJzY2hlbWFfdmVyc2lvbiI6IjEifQ==",
          "dependencies": [
            "module.key_pair.tls_private_key.private_key"
          ]
        }
      ]
    },
    {
      "module": "module.vpc",
      "mode": "managed",
      "type": "aws_nat_gateway",
      "name": "default",
      "each": "list",
      "provider": "provider.aws",
      "instances": []
    },
    {
      "module": "module.vpc",
      "mode": "managed",
      "type": "aws_network_acl",
      "name": "private",
      "provider": "provider.aws",
      "instances": [
        {
          "schema_version": 0,
          "attributes": {
            "egress": [],
            "id": "acl-03830cc903901df25",
            "ingress": [],
            "owner_id": "219905775130",
            "subnet_id": null,
            "subnet_ids": [],
            "tags": {
              "Name": "reconciliation_vpc-private"
            },
            "vpc_id": "vpc-010f1ba37c259180c"
          },
          "private": "bnVsbA==",
          "dependencies": [
            "module.vpc.aws_subnet.private",
            "module.vpc.aws_vpc.default"
          ]
        }
      ]
    },
    {
      "module": "module.vpc",
      "mode": "managed",
      "type": "aws_network_acl",
      "name": "public",
      "provider": "provider.aws",
      "instances": [
        {
          "schema_version": 0,
          "attributes": {
            "egress": [],
            "id": "acl-03b979c1f064e30fa",
            "ingress": [],
            "owner_id": "219905775130",
            "subnet_id": null,
            "subnet_ids": [
              "subnet-07928e86fc3cc15df",
              "subnet-0cf97d5041fb56eb5"
            ],
            "tags": {
              "Name": "reconciliation_vpc-public"
            },
            "vpc_id": "vpc-010f1ba37c259180c"
          },
          "private": "bnVsbA==",
          "dependencies": [
            "module.vpc.aws_subnet.public",
            "module.vpc.aws_vpc.default"
          ]
        }
      ]
    },
    {
      "module": "module.vpc",
      "mode": "managed",
      "type": "aws_network_acl_rule",
      "name": "private_egress",
      "provider": "provider.aws",
      "instances": [
        {
          "schema_version": 0,
          "attributes": {
            "cidr_block": "0.0.0.0/0",
            "egress": true,
            "from_port": 0,
            "icmp_code": null,
            "icmp_type": null,
            "id": "nacl-673940933",
            "ipv6_cidr_block": "",
            "network_acl_id": "acl-03830cc903901df25",
            "protocol": "all",
            "rule_action": "allow",
            "rule_number": 100,
            "to_port": 0
          },
          "private": "bnVsbA==",
          "dependencies": [
            "module.vpc.aws_network_acl.private",
            "module.vpc.aws_subnet.private",
            "module.vpc.aws_vpc.default"
          ]
        }
      ]
    },
    {
      "module": "module.vpc",
      "mode": "managed",
      "type": "aws_network_acl_rule",
      "name": "private_ingress",
      "provider": "provider.aws",
      "instances": [
        {
          "schema_version": 0,
          "attributes": {
            "cidr_block": "0.0.0.0/0",
            "egress": false,
            "from_port": 0,
            "icmp_code": null,
            "icmp_type": null,
            "id": "nacl-2969099815",
            "ipv6_cidr_block": "",
            "network_acl_id": "acl-03830cc903901df25",
            "protocol": "all",
            "rule_action": "allow",
            "rule_number": 100,
            "to_port": 0
          },
          "private": "bnVsbA==",
          "dependencies": [
            "module.vpc.aws_network_acl.private",
            "module.vpc.aws_subnet.private",
            "module.vpc.aws_vpc.default"
          ]
        }
      ]
    },
    {
      "module": "module.vpc",
      "mode": "managed",
      "type": "aws_network_acl_rule",
      "name": "public_egress",
      "provider": "provider.aws",
      "instances": [
        {
          "schema_version": 0,
          "attributes": {
            "cidr_block": "0.0.0.0/0",
            "egress": true,
            "from_port": 0,
            "icmp_code": null,
            "icmp_type": null,
            "id": "nacl-1666188095",
            "ipv6_cidr_block": "",
            "network_acl_id": "acl-03b979c1f064e30fa",
            "protocol": "all",
            "rule_action": "allow",
            "rule_number": 100,
            "to_port": 0
          },
          "private": "bnVsbA==",
          "dependencies": [
            "module.vpc.aws_network_acl.public",
            "module.vpc.aws_subnet.public",
            "module.vpc.aws_vpc.default"
          ]
        }
      ]
    },
    {
      "module": "module.vpc",
      "mode": "managed",
      "type": "aws_network_acl_rule",
      "name": "public_ingress",
      "provider": "provider.aws",
      "instances": [
        {
          "schema_version": 0,
          "attributes": {
            "cidr_block": "0.0.0.0/0",
            "egress": false,
            "from_port": 0,
            "icmp_code": null,
            "icmp_type": null,
            "id": "nacl-3990601379",
            "ipv6_cidr_block": "",
            "network_acl_id": "acl-03b979c1f064e30fa",
            "protocol": "all",
            "rule_action": "allow",
            "rule_number": 100,
            "to_port": 0
          },
          "private": "bnVsbA==",
          "dependencies": [
            "module.vpc.aws_network_acl.public",
            "module.vpc.aws_subnet.public",
            "module.vpc.aws_vpc.default"
          ]
        }
      ]
    },
    {
      "module": "module.vpc",
      "mode": "managed",
      "type": "aws_route",
      "name": "private",
      "each": "list",
      "provider": "provider.aws",
      "instances": []
    },
    {
      "module": "module.vpc",
      "mode": "managed",
      "type": "aws_route",
      "name": "public",
      "provider": "provider.aws",
      "instances": [
        {
          "schema_version": 0,
          "attributes": {
            "destination_cidr_block": "0.0.0.0/0",
            "destination_ipv6_cidr_block": null,
            "destination_prefix_list_id": "",
            "egress_only_gateway_id": "",
            "gateway_id": "igw-0823116c5bd1c158a",
            "id": "r-rtb-056b0ee08f39f806f1080289494",
            "instance_id": "",
            "instance_owner_id": "",
            "nat_gateway_id": "",
            "network_interface_id": "",
            "origin": "CreateRoute",
            "route_table_id": "rtb-056b0ee08f39f806f",
            "state": "active",
            "timeouts": null,
            "transit_gateway_id": "",
            "vpc_peering_connection_id": ""
          },
          "private": "eyJlMmJmYjczMC1lY2FhLTExZTYtOGY4OC0zNDM2M2JjN2M0YzAiOnsiY3JlYXRlIjoxMjAwMDAwMDAwMDAsImRlbGV0ZSI6MzAwMDAwMDAwMDAwfX0=",
          "dependencies": [
            "module.vpc.aws_internet_gateway.default",
            "module.vpc.aws_route_table.public",
            "module.vpc.aws_vpc.default"
          ]
        }
      ]
    },
    {
      "module": "module.vpc",
      "mode": "managed",
      "type": "aws_route_table",
      "name": "private",
      "each": "list",
      "provider": "provider.aws",
      "instances": []
    },
    {
      "module": "module.vpc",
      "mode": "managed",
      "type": "aws_route_table",
      "name": "public",
      "provider": "provider.aws",
      "instances": [
        {
          "schema_version": 0,
          "attributes": {
            "id": "rtb-056b0ee08f39f806f",
            "owner_id": "219905775130",
            "propagating_vgws": [],
            "route": [],
            "tags": {
              "Name": "reconciliation_vpc-public"
            },
            "vpc_id": "vpc-010f1ba37c259180c"
          },
          "private": "bnVsbA==",
          "dependencies": [
            "module.vpc.aws_vpc.default"
          ]
        }
      ]
    },
    {
      "module": "module.vpc",
      "mode": "managed",
      "type": "aws_route_table_association",
      "name": "private",
      "each": "list",
      "provider": "provider.aws",
      "instances": []
    },
    {
      "module": "module.vpc",
      "mode": "managed",
      "type": "aws_route_table_association",
      "name": "public",
      "each": "list",
      "provider": "provider.aws",
      "instances": [
        {
          "index_key": 0,
          "schema_version": 0,
          "attributes": {
            "gateway_id": null,
            "id": "rtbassoc-0d45daaa26b326328",
            "route_table_id": "rtb-056b0ee08f39f806f",
            "subnet_id": "subnet-0cf97d5041fb56eb5"
          },
          "private": "bnVsbA==",
          "dependencies": [
            "module.vpc.aws_route_table.public",
            "module.vpc.aws_subnet.public",
            "module.vpc.aws_vpc.default"
          ]
        },
        {
          "index_key": 1,
          "schema_version": 0,
          "attributes": {
            "gateway_id": null,
            "id": "rtbassoc-05d23f086a633ca15",
            "route_table_id": "rtb-056b0ee08f39f806f",
            "subnet_id": "subnet-07928e86fc3cc15df"
          },
          "private": "bnVsbA==",
          "dependencies": [
            "module.vpc.aws_route_table.public",
            "module.vpc.aws_subnet.public",
            "module.vpc.aws_vpc.default"
          ]
        }
      ]
    },
    {
      "module": "module.security_group",
      "mode": "managed",
      "type": "aws_security_group",
      "name": "security_group",
      "provider": "provider.aws",
      "instances": [
        {
          "schema_version": 1,
          "attributes": {
            "arn": "arn:aws:ec2:us-west-1:219905775130:security-group/sg-07dee08055446caa9",
            "description": "Managed by Terraform",
            "egress": [
              {
                "cidr_blocks": [
                  "0.0.0.0/0"
                ],
                "description": "",
                "from_port": 0,
                "ipv6_cidr_blocks": [],
                "prefix_list_ids": [],
                "protocol": "-1",
                "security_groups": [],
                "self": false,
                "to_port": 0
              }
            ],
            "id": "sg-07dee08055446caa9",
            "ingress": [
              {
                "cidr_blocks": [
                  "0.0.0.0/0"
                ],
                "description": "",
                "from_port": 22,
                "ipv6_cidr_blocks": [],
                "prefix_list_ids": [],
                "protocol": "tcp",
                "security_groups": [],
                "self": false,
                "to_port": 22
              },
              {
                "cidr_blocks": [
                  "0.0.0.0/0"
                ],
                "description": "",
                "from_port": 6379,
                "ipv6_cidr_blocks": [],
                "prefix_list_ids": [],
                "protocol": "tcp",
                "security_groups": [],
                "self": false,
                "to_port": 6379
              },
              {
                "cidr_blocks": [
                  "0.0.0.0/0"
                ],
                "description": "",
                "from_port": 8001,
                "ipv6_cidr_blocks": [],
                "prefix_list_ids": [],
                "protocol": "tcp",
                "security_groups": [],
                "self": false,
                "to_port": 8001
              },
              {
                "cidr_blocks": [
                  "0.0.0.0/0"
                ],
                "description": "",
                "from_port": 9000,
                "ipv6_cidr_blocks": [],
                "prefix_list_ids": [],
                "protocol": "tcp",
                "security_groups": [],
                "self": false,
                "to_port": 9000
              }
            ],
            "name": "reconciliation_ci_security_group",
            "name_prefix": null,
            "owner_id": "219905775130",
            "revoke_rules_on_delete": false,
            "tags": null,
            "timeouts": null,
            "vpc_id": "vpc-010f1ba37c259180c"
          },
          "private": "eyJlMmJmYjczMC1lY2FhLTExZTYtOGY4OC0zNDM2M2JjN2M0YzAiOnsiY3JlYXRlIjo2MDAwMDAwMDAwMDAsImRlbGV0ZSI6NjAwMDAwMDAwMDAwfSwic2NoZW1hX3ZlcnNpb24iOiIxIn0=",
          "dependencies": [
            "module.vpc.aws_vpc.default"
          ]
        }
      ]
    },
    {
      "module": "module.vpc",
      "mode": "managed",
      "type": "aws_subnet",
      "name": "private",
      "each": "list",
      "provider": "provider.aws",
      "instances": []
    },
    {
      "module": "module.vpc",
      "mode": "managed",
      "type": "aws_subnet",
      "name": "public",
      "each": "list",
      "provider": "provider.aws",
      "instances": [
        {
          "index_key": 0,
          "schema_version": 1,
          "attributes": {
            "arn": "arn:aws:ec2:us-west-1:219905775130:subnet/subnet-0cf97d5041fb56eb5",
            "assign_ipv6_address_on_creation": false,
            "availability_zone": "us-west-1a",
            "availability_zone_id": "usw1-az1",
            "cidr_block": "10.250.192.0/26",
            "id": "subnet-0cf97d5041fb56eb5",
            "ipv6_cidr_block": "",
            "ipv6_cidr_block_association_id": "",
            "map_public_ip_on_launch": true,
            "owner_id": "219905775130",
            "tags": {
              "Name": "reconciliation_vpc-public-0"
            },
            "timeouts": null,
            "vpc_id": "vpc-010f1ba37c259180c"
          },
          "private": "eyJlMmJmYjczMC1lY2FhLTExZTYtOGY4OC0zNDM2M2JjN2M0YzAiOnsiY3JlYXRlIjo2MDAwMDAwMDAwMDAsImRlbGV0ZSI6MTIwMDAwMDAwMDAwMH0sInNjaGVtYV92ZXJzaW9uIjoiMSJ9",
          "dependencies": [
            "module.vpc.aws_vpc.default"
          ]
        },
        {
          "index_key": 1,
          "schema_version": 1,
          "attributes": {
            "arn": "arn:aws:ec2:us-west-1:219905775130:subnet/subnet-07928e86fc3cc15df",
            "assign_ipv6_address_on_creation": false,
            "availability_zone": "us-west-1c",
            "availability_zone_id": "usw1-az3",
            "cidr_block": "10.250.192.64/26",
            "id": "subnet-07928e86fc3cc15df",
            "ipv6_cidr_block": "",
            "ipv6_cidr_block_association_id": "",
            "map_public_ip_on_launch": true,
            "owner_id": "219905775130",
            "tags": {
              "Name": "reconciliation_vpc-public-1"
            },
            "timeouts": null,
            "vpc_id": "vpc-010f1ba37c259180c"
          },
          "private": "eyJlMmJmYjczMC1lY2FhLTExZTYtOGY4OC0zNDM2M2JjN2M0YzAiOnsiY3JlYXRlIjo2MDAwMDAwMDAwMDAsImRlbGV0ZSI6MTIwMDAwMDAwMDAwMH0sInNjaGVtYV92ZXJzaW9uIjoiMSJ9",
          "dependencies": [
            "module.vpc.aws_vpc.default"
          ]
        }
      ]
    },
    {
      "module": "module.vpc",
      "mode": "managed",
      "type": "aws_vpc",
      "name": "default",
      "provider": "provider.aws",
      "instances": [
        {
          "schema_version": 1,
          "attributes": {
            "arn": "arn:aws:ec2:us-west-1:219905775130:vpc/vpc-010f1ba37c259180c",
            "assign_generated_ipv6_cidr_block": false,
            "cidr_block": "10.250.192.0/18",
            "default_network_acl_id": "acl-043d4c106a52e1e48",
            "default_route_table_id": "rtb-0cd5ab6d8de36022e",
            "default_security_group_id": "sg-0427da51188a79932",
            "dhcp_options_id": "dopt-70829317",
            "enable_classiclink": false,
            "enable_classiclink_dns_support": false,
            "enable_dns_hostnames": true,
            "enable_dns_support": true,
            "id": "vpc-010f1ba37c259180c",
            "instance_tenancy": "default",
            "ipv6_association_id": "",
            "ipv6_cidr_block": "",
            "main_route_table_id": "rtb-0cd5ab6d8de36022e",
            "owner_id": "219905775130",
            "tags": {
              "Name": "reconciliation_vpc"
            }
          },
          "private": "eyJzY2hlbWFfdmVyc2lvbiI6IjEifQ=="
        }
      ]
    },
    {
      "module": "module.key_pair",
      "mode": "managed",
      "type": "local_file",
      "name": "private_key_pem",
      "provider": "provider.local",
      "instances": [
        {
          "schema_version": 0,
          "attributes": {
            "content": "-----BEGIN RSA PRIVATE KEY-----\nMIIEowIBAAKCAQEA23KTLW2Q4OLp3Cw2AKFSb/oTzvAwC9I2wreqrzsBDdiAw+0i\ne6U2E/eUDC7MoUXJPEuFJJPqOUrHda7tCBnhUMHzqbspxRkmhiO1fqbR0e9VnEk0\n4qKwT1bFtzkEmCBzaISJXovTuDlMnqhUqxBIZom2oAQ0v9P18MGJPzh6titaPWGP\nejvwUhRdi8/ozf4OYZfV9C9TmbIqpD8rD5Pn9lysWv3K/MmosDg57qbrkucEYfRY\nMo7HplBWaUYovu3DhuAE1eH8X/cRE5l1tCXOt4MnjAmQmO2X88Hh3Wj4PJkCoTbP\nZ9/J0bsyrRj0W9fPaq9OaMktaIGvatTRhQPylQIDAQABAoIBABHwCqHC+/217qHF\np2Bjz2ZBzc6ziWnd9AX0l2oda5ejI9tgDdqHhaUaLqrURHvGRY29KpPz10h5mVZA\nRzXLT8SXJgCwwNhQlvqN/q7smegMJTZSMZV48Op7UEwKyBpbRLO9abElwtejL2Uk\no08cVJ61EQ2BaoJnpAna+AoH5tfvCnQyVkB+wky5tuCcpGBfxaa3W3xwiHyb1U1W\n+tE3B7VlzTsJpGkKerlesTqWF1+kESzrHgtIEi3djXLQXJt3284ljrVDuR4b78yo\n/HbXCrFqgKczWBhonJr9KYBtmlQqjiUAu955NQ+4tRKY+9JxxRe1APyhabO1e1gJ\nBfdmcZ0CgYEA4XIl5B15f09vs/xQmPyK4akzdgELFQxMAM+5FSSnhukq/0Py1KcI\nn+CMIUKN9vz4EC69wK9V+kOGwX9j4F59KgFi61vfFoGw5LlYeFDem0BKif7t+2Rc\nUb9ZrVaXdnR6bZRj0gp5hj5fvKDsayeF0fVCB8q/2ffBlnUMsFmz+CMCgYEA+TBQ\niAHdyTQmneJ66nWL7Xk3TRVPHRgQe9+xU4HME/83MIO3+yEAXVr0RnzR5YuXFKYU\n2vhYOYh1B6KLq7xozBSxGYhsNEvZaYpWujTN14ww0pwpPG1agjKaKv0WqvAr2jhp\nn5hRf5nFm6RgOPKt3FGhC3ksPjd93GNXioV3+ecCgYBo59T58T04IJ66Ag7/IYT+\nvN1Va+bcRHyZZA+b5xKNlLKNVfEJQzCgNL0APRgSdmR4I0fpAa3gZsut/rlbDpzv\njvWYz4df0bmetSCV3Au58pC85gOXl3veDkyMfF6+oDTYCNTqSDWEYkHqZHee5SVA\nLgAr4AymQMO0X4MoDJXSQQKBgQDhPQCtzzIPuinlsF92KgXvAxAvhsFaBPRxY8K/\nPqWetaPHIGhegHf56kq+o/h9ye0n5u8W9j+Y0XUnD4+8DbOUNGfYMm3L33uHYFoA\nOdaNrNQ8qpbDXfzfjqm3jci9fhXFTBR9A4s3EWGCy9OF5iWs7cPpwP9yxWnomYr5\nVKcbpQKBgF1apZg4sirwrxrnPxg0s+/eOifr4kBS/zc+FfQv3w+7LIwlwKTdDFjE\nLkcmX/ZNNZC+jYd+fUU3UBvAsfbKn4Kn05C53Zioo5OcgzQqC6474UgbQfWh2+aQ\nYLmH4/1G0Ug54iCKQlYCUWFP3I7RPL4/W9j+6Nb1uUtSngUlN6lN\n-----END RSA PRIVATE KEY-----\n",
            "content_base64": null,
            "directory_permission": "0777",
            "file_permission": "0777",
            "filename": "./secrets/reconciliation-key.pem",
            "id": "4fb4c1aa5eae957e9528c70e20d23f9a948c275a",
            "sensitive_content": null
          },
          "private": "bnVsbA==",
          "dependencies": [
            "module.key_pair.tls_private_key.private_key"
          ]
        }
      ]
    },
    {
      "module": "module.key_pair",
      "mode": "managed",
      "type": "local_file",
      "name": "public_key_openssh",
      "provider": "provider.local",
      "instances": [
        {
          "schema_version": 0,
          "attributes": {
            "content": "ssh-rsa AAAAB3NzaC1yc2EAAAADAQABAAABAQDbcpMtbZDg4uncLDYAoVJv+hPO8DAL0jbCt6qvOwEN2IDD7SJ7pTYT95QMLsyhRck8S4Ukk+o5Ssd1ru0IGeFQwfOpuynFGSaGI7V+ptHR71WcSTTiorBPVsW3OQSYIHNohIlei9O4OUyeqFSrEEhmibagBDS/0/XwwYk/OHq2K1o9YY96O/BSFF2Lz+jN/g5hl9X0L1OZsiqkPysPk+f2XKxa/cr8yaiwODnupuuS5wRh9FgyjsemUFZpRii+7cOG4ATV4fxf9xETmXW0Jc63gyeMCZCY7ZfzweHdaPg8mQKhNs9n38nRuzKtGPRb189qr05oyS1oga9q1NGFA/KV\n",
            "content_base64": null,
            "directory_permission": "0777",
            "file_permission": "0777",
            "filename": "./secrets/reconciliation-key.pub",
            "id": "0f8b70d75a6717ee4d6fb6e31f50653e57bdfd8c",
            "sensitive_content": null
          },
          "private": "bnVsbA==",
          "dependencies": [
            "module.key_pair.tls_private_key.private_key"
          ]
        }
      ]
    },
    {
      "module": "module.key_pair",
      "mode": "managed",
      "type": "null_resource",
      "name": "chmod",
      "provider": "provider.null",
      "instances": [
        {
          "schema_version": 0,
          "attributes": {
            "id": "6591517926055914610",
            "triggers": {
              "local_file_private_key_pem": "local_file.private_key_pem"
            }
          },
          "private": "bnVsbA==",
          "dependencies": [
            "module.key_pair.local_file.private_key_pem",
            "module.key_pair.tls_private_key.private_key"
          ]
        }
      ]
    },
    {
      "mode": "managed",
      "type": "null_resource",
      "name": "copy_install_jenkins_shell_script",
      "provider": "provider.null",
      "instances": [
        {
          "schema_version": 0,
          "attributes": {
            "id": "6020025989743214777",
            "triggers": null
          },
          "private": "bnVsbA==",
          "dependencies": [
            "module.ci_instance.aws_instance.ec2-instance",
            "module.key_pair.aws_key_pair.generated_key",
            "module.key_pair.tls_private_key.private_key",
            "module.security_group.aws_security_group.security_group",
            "module.vpc.aws_subnet.public",
            "module.vpc.aws_vpc.default"
          ]
        }
      ]
    },
    {
      "mode": "managed",
      "type": "null_resource",
      "name": "install_Jenkins",
      "provider": "provider.null",
      "instances": [
        {
          "schema_version": 0,
          "attributes": {
            "id": "7003662416943072067",
            "triggers": null
          },
          "private": "bnVsbA==",
          "dependencies": [
            "module.ci_instance.aws_instance.ec2-instance",
            "module.key_pair.aws_key_pair.generated_key",
            "module.key_pair.tls_private_key.private_key",
            "module.security_group.aws_security_group.security_group",
            "module.vpc.aws_subnet.public",
            "module.vpc.aws_vpc.default",
            "null_resource.copy_install_jenkins_shell_script"
          ]
        }
      ]
    },
    {
      "module": "module.key_pair",
      "mode": "managed",
      "type": "tls_private_key",
      "name": "private_key",
      "provider": "provider.tls",
      "instances": [
        {
          "schema_version": 0,
          "attributes": {
            "algorithm": "RSA",
            "ecdsa_curve": "P224",
            "id": "47d16dadb20c98717223d987ab4f709bb6769e21",
            "private_key_pem": "-----BEGIN RSA PRIVATE KEY-----\nMIIEowIBAAKCAQEA23KTLW2Q4OLp3Cw2AKFSb/oTzvAwC9I2wreqrzsBDdiAw+0i\ne6U2E/eUDC7MoUXJPEuFJJPqOUrHda7tCBnhUMHzqbspxRkmhiO1fqbR0e9VnEk0\n4qKwT1bFtzkEmCBzaISJXovTuDlMnqhUqxBIZom2oAQ0v9P18MGJPzh6titaPWGP\nejvwUhRdi8/ozf4OYZfV9C9TmbIqpD8rD5Pn9lysWv3K/MmosDg57qbrkucEYfRY\nMo7HplBWaUYovu3DhuAE1eH8X/cRE5l1tCXOt4MnjAmQmO2X88Hh3Wj4PJkCoTbP\nZ9/J0bsyrRj0W9fPaq9OaMktaIGvatTRhQPylQIDAQABAoIBABHwCqHC+/217qHF\np2Bjz2ZBzc6ziWnd9AX0l2oda5ejI9tgDdqHhaUaLqrURHvGRY29KpPz10h5mVZA\nRzXLT8SXJgCwwNhQlvqN/q7smegMJTZSMZV48Op7UEwKyBpbRLO9abElwtejL2Uk\no08cVJ61EQ2BaoJnpAna+AoH5tfvCnQyVkB+wky5tuCcpGBfxaa3W3xwiHyb1U1W\n+tE3B7VlzTsJpGkKerlesTqWF1+kESzrHgtIEi3djXLQXJt3284ljrVDuR4b78yo\n/HbXCrFqgKczWBhonJr9KYBtmlQqjiUAu955NQ+4tRKY+9JxxRe1APyhabO1e1gJ\nBfdmcZ0CgYEA4XIl5B15f09vs/xQmPyK4akzdgELFQxMAM+5FSSnhukq/0Py1KcI\nn+CMIUKN9vz4EC69wK9V+kOGwX9j4F59KgFi61vfFoGw5LlYeFDem0BKif7t+2Rc\nUb9ZrVaXdnR6bZRj0gp5hj5fvKDsayeF0fVCB8q/2ffBlnUMsFmz+CMCgYEA+TBQ\niAHdyTQmneJ66nWL7Xk3TRVPHRgQe9+xU4HME/83MIO3+yEAXVr0RnzR5YuXFKYU\n2vhYOYh1B6KLq7xozBSxGYhsNEvZaYpWujTN14ww0pwpPG1agjKaKv0WqvAr2jhp\nn5hRf5nFm6RgOPKt3FGhC3ksPjd93GNXioV3+ecCgYBo59T58T04IJ66Ag7/IYT+\nvN1Va+bcRHyZZA+b5xKNlLKNVfEJQzCgNL0APRgSdmR4I0fpAa3gZsut/rlbDpzv\njvWYz4df0bmetSCV3Au58pC85gOXl3veDkyMfF6+oDTYCNTqSDWEYkHqZHee5SVA\nLgAr4AymQMO0X4MoDJXSQQKBgQDhPQCtzzIPuinlsF92KgXvAxAvhsFaBPRxY8K/\nPqWetaPHIGhegHf56kq+o/h9ye0n5u8W9j+Y0XUnD4+8DbOUNGfYMm3L33uHYFoA\nOdaNrNQ8qpbDXfzfjqm3jci9fhXFTBR9A4s3EWGCy9OF5iWs7cPpwP9yxWnomYr5\nVKcbpQKBgF1apZg4sirwrxrnPxg0s+/eOifr4kBS/zc+FfQv3w+7LIwlwKTdDFjE\nLkcmX/ZNNZC+jYd+fUU3UBvAsfbKn4Kn05C53Zioo5OcgzQqC6474UgbQfWh2+aQ\nYLmH4/1G0Ug54iCKQlYCUWFP3I7RPL4/W9j+6Nb1uUtSngUlN6lN\n-----END RSA PRIVATE KEY-----\n",
            "public_key_fingerprint_md5": "d6:55:16:ec:a8:06:5f:f5:c0:96:0c:0f:a1:07:6d:13",
            "public_key_openssh": "ssh-rsa AAAAB3NzaC1yc2EAAAADAQABAAABAQDbcpMtbZDg4uncLDYAoVJv+hPO8DAL0jbCt6qvOwEN2IDD7SJ7pTYT95QMLsyhRck8S4Ukk+o5Ssd1ru0IGeFQwfOpuynFGSaGI7V+ptHR71WcSTTiorBPVsW3OQSYIHNohIlei9O4OUyeqFSrEEhmibagBDS/0/XwwYk/OHq2K1o9YY96O/BSFF2Lz+jN/g5hl9X0L1OZsiqkPysPk+f2XKxa/cr8yaiwODnupuuS5wRh9FgyjsemUFZpRii+7cOG4ATV4fxf9xETmXW0Jc63gyeMCZCY7ZfzweHdaPg8mQKhNs9n38nRuzKtGPRb189qr05oyS1oga9q1NGFA/KV\n",
            "public_key_pem": "-----BEGIN PUBLIC KEY-----\nMIIBIjANBgkqhkiG9w0BAQEFAAOCAQ8AMIIBCgKCAQEA23KTLW2Q4OLp3Cw2AKFS\nb/oTzvAwC9I2wreqrzsBDdiAw+0ie6U2E/eUDC7MoUXJPEuFJJPqOUrHda7tCBnh\nUMHzqbspxRkmhiO1fqbR0e9VnEk04qKwT1bFtzkEmCBzaISJXovTuDlMnqhUqxBI\nZom2oAQ0v9P18MGJPzh6titaPWGPejvwUhRdi8/ozf4OYZfV9C9TmbIqpD8rD5Pn\n9lysWv3K/MmosDg57qbrkucEYfRYMo7HplBWaUYovu3DhuAE1eH8X/cRE5l1tCXO\nt4MnjAmQmO2X88Hh3Wj4PJkCoTbPZ9/J0bsyrRj0W9fPaq9OaMktaIGvatTRhQPy\nlQIDAQAB\n-----END PUBLIC KEY-----\n",
            "rsa_bits": 2048
          },
          "private": "bnVsbA=="
        }
      ]
    }
  ]
}
