{
  "version": 4,
  "terraform_version": "0.12.18",
  "serial": 750,
  "lineage": "9bfbb24b-0e1a-7186-d6f8-31c901c2da67",
  "outputs": {
    "ci_instance_ip_addr": {
      "value": "52.53.218.37",
      "type": "string"
    }
  },
  "resources": [
    {
      "module": "module.vpc",
      "mode": "managed",
      "type": "aws_eip",
      "name": "nat_gateway",
      "each": "list",
      "provider": "provider.aws",
      "instances": []
    },
    {
      "module": "module.ci_instance",
      "mode": "managed",
      "type": "aws_instance",
      "name": "ec2-instance",
      "provider": "provider.aws",
      "instances": [
        {
          "schema_version": 1,
          "attributes": {
            "ami": "ami-094f0176b0d009d9f",
            "arn": "arn:aws:ec2:us-west-1:219905775130:instance/i-07b2d1b4c0e48a6dd",
            "associate_public_ip_address": true,
            "availability_zone": "us-west-1a",
            "cpu_core_count": 2,
            "cpu_threads_per_core": 1,
            "credit_specification": [
              {
                "cpu_credits": "standard"
              }
            ],
            "disable_api_termination": false,
            "ebs_block_device": [],
            "ebs_optimized": false,
            "ephemeral_block_device": [],
            "get_password_data": false,
            "host_id": null,
            "iam_instance_profile": "",
            "id": "i-07b2d1b4c0e48a6dd",
            "instance_initiated_shutdown_behavior": null,
            "instance_state": "running",
            "instance_type": "t2.medium",
            "ipv6_address_count": 0,
            "ipv6_addresses": [],
            "key_name": "reconciliation-key",
            "monitoring": false,
            "network_interface": [],
            "network_interface_id": null,
            "password_data": "",
            "placement_group": "",
            "primary_network_interface_id": "eni-0050aca0e611f95be",
            "private_dns": "ip-10-250-192-46.us-west-1.compute.internal",
            "private_ip": "10.250.192.46",
            "public_dns": "ec2-52-53-218-37.us-west-1.compute.amazonaws.com",
            "public_ip": "52.53.218.37",
            "root_block_device": [
              {
                "delete_on_termination": true,
                "encrypted": false,
                "iops": 192,
                "kms_key_id": "",
                "volume_id": "vol-0cd5d721d72228511",
                "volume_size": 64,
                "volume_type": "gp2"
              }
            ],
            "security_groups": [],
            "source_dest_check": true,
            "subnet_id": "subnet-0f7590dbabdb3be5b",
            "tags": {
              "Cost Center": "reconciliation",
              "Name": "reconciliation_ci"
            },
            "tenancy": "default",
            "timeouts": null,
            "user_data": null,
            "user_data_base64": null,
            "volume_tags": {},
            "vpc_security_group_ids": [
              "sg-0260b8d25009b85ae"
            ]
          },
          "private": "eyJlMmJmYjczMC1lY2FhLTExZTYtOGY4OC0zNDM2M2JjN2M0YzAiOnsiY3JlYXRlIjo2MDAwMDAwMDAwMDAsImRlbGV0ZSI6MTIwMDAwMDAwMDAwMCwidXBkYXRlIjo2MDAwMDAwMDAwMDB9LCJzY2hlbWFfdmVyc2lvbiI6IjEifQ==",
          "dependencies": [
            "module.key_pair.aws_key_pair.generated_key",
            "module.key_pair.tls_private_key.private_key",
            "module.security_group.aws_security_group.security_group",
            "module.vpc.aws_subnet.public",
            "module.vpc.aws_vpc.default"
          ]
        }
      ]
    },
    {
      "module": "module.vpc",
      "mode": "managed",
      "type": "aws_internet_gateway",
      "name": "default",
      "provider": "provider.aws",
      "instances": [
        {
          "schema_version": 0,
          "attributes": {
            "id": "igw-03f4d26413d53c8e6",
            "owner_id": "219905775130",
            "tags": {
              "Name": "reconciliation_vpc"
            },
            "vpc_id": "vpc-09ad151af33dbaf36"
          },
          "private": "bnVsbA==",
          "dependencies": [
            "module.vpc.aws_vpc.default"
          ]
        }
      ]
    },
    {
      "module": "module.key_pair",
      "mode": "managed",
      "type": "aws_key_pair",
      "name": "generated_key",
      "provider": "provider.aws",
      "instances": [
        {
          "schema_version": 1,
          "attributes": {
            "fingerprint": "05:9b:6d:ab:08:1f:68:f2:9a:2e:55:8b:0d:db:8e:f9",
            "id": "reconciliation-key",
            "key_name": "reconciliation-key",
            "key_name_prefix": null,
            "public_key": "ssh-rsa AAAAB3NzaC1yc2EAAAADAQABAAABAQDCA+QnrqNcK+jfGAQVsWFsu05Mhf6orQKh6AhE8LBudDbTXppTdGsIPfMPKUELcgNXlpjfUKjt2WGxC7Ai0TcfjMCthKjD+Jdyj6/7G3Z/RObc0+qonbrsqhnoEKHZumvDp88v7RZqZKCR/+zXI4/xfmmThA9JxESjKCWXPYGFyzr37sKNQF6LP2ag8z2UWcmsPv4+I5WdXkGHuVGf0REhtVEQJzVP0iBoHyA0tiExSqLh8j/X5GxeDCR6rCk2WYPZCeNfKiQpUIpDa+bcipTkr9q4rdfoB/ENjrmTM8ikt/7qxj5HZ+yxV03sCJqkFow1TiMEHwIS5y+jnCqkUvIB"
          },
          "private": "eyJzY2hlbWFfdmVyc2lvbiI6IjEifQ==",
          "dependencies": [
            "module.key_pair.tls_private_key.private_key"
          ]
        }
      ]
    },
    {
      "module": "module.vpc",
      "mode": "managed",
      "type": "aws_nat_gateway",
      "name": "default",
      "each": "list",
      "provider": "provider.aws",
      "instances": []
    },
    {
      "module": "module.vpc",
      "mode": "managed",
      "type": "aws_network_acl",
      "name": "private",
      "provider": "provider.aws",
      "instances": [
        {
          "schema_version": 0,
          "attributes": {
            "egress": [],
            "id": "acl-0b655291d1c537371",
            "ingress": [],
            "owner_id": "219905775130",
            "subnet_id": null,
            "subnet_ids": [],
            "tags": {
              "Name": "reconciliation_vpc-private"
            },
            "vpc_id": "vpc-09ad151af33dbaf36"
          },
          "private": "bnVsbA==",
          "dependencies": [
            "module.vpc.aws_subnet.private",
            "module.vpc.aws_vpc.default"
          ]
        }
      ]
    },
    {
      "module": "module.vpc",
      "mode": "managed",
      "type": "aws_network_acl",
      "name": "public",
      "provider": "provider.aws",
      "instances": [
        {
          "schema_version": 0,
          "attributes": {
            "egress": [],
            "id": "acl-04aff555510bae6c8",
            "ingress": [],
            "owner_id": "219905775130",
            "subnet_id": null,
            "subnet_ids": [
              "subnet-0e4c36af3396412c8",
              "subnet-0f7590dbabdb3be5b"
            ],
            "tags": {
              "Name": "reconciliation_vpc-public"
            },
            "vpc_id": "vpc-09ad151af33dbaf36"
          },
          "private": "bnVsbA==",
          "dependencies": [
            "module.vpc.aws_subnet.public",
            "module.vpc.aws_vpc.default"
          ]
        }
      ]
    },
    {
      "module": "module.vpc",
      "mode": "managed",
      "type": "aws_network_acl_rule",
      "name": "private_egress",
      "provider": "provider.aws",
      "instances": [
        {
          "schema_version": 0,
          "attributes": {
            "cidr_block": "0.0.0.0/0",
            "egress": true,
            "from_port": 0,
            "icmp_code": null,
            "icmp_type": null,
            "id": "nacl-890260413",
            "ipv6_cidr_block": "",
            "network_acl_id": "acl-0b655291d1c537371",
            "protocol": "all",
            "rule_action": "allow",
            "rule_number": 100,
            "to_port": 0
          },
          "private": "bnVsbA==",
          "dependencies": [
            "module.vpc.aws_network_acl.private",
            "module.vpc.aws_subnet.private",
            "module.vpc.aws_vpc.default"
          ]
        }
      ]
    },
    {
      "module": "module.vpc",
      "mode": "managed",
      "type": "aws_network_acl_rule",
      "name": "private_ingress",
      "provider": "provider.aws",
      "instances": [
        {
          "schema_version": 0,
          "attributes": {
            "cidr_block": "0.0.0.0/0",
            "egress": false,
            "from_port": 0,
            "icmp_code": null,
            "icmp_type": null,
            "id": "nacl-3996851431",
            "ipv6_cidr_block": "",
            "network_acl_id": "acl-0b655291d1c537371",
            "protocol": "all",
            "rule_action": "allow",
            "rule_number": 100,
            "to_port": 0
          },
          "private": "bnVsbA==",
          "dependencies": [
            "module.vpc.aws_network_acl.private",
            "module.vpc.aws_subnet.private",
            "module.vpc.aws_vpc.default"
          ]
        }
      ]
    },
    {
      "module": "module.vpc",
      "mode": "managed",
      "type": "aws_network_acl_rule",
      "name": "public_egress",
      "provider": "provider.aws",
      "instances": [
        {
          "schema_version": 0,
          "attributes": {
            "cidr_block": "0.0.0.0/0",
            "egress": true,
            "from_port": 0,
            "icmp_code": null,
            "icmp_type": null,
            "id": "nacl-1173606827",
            "ipv6_cidr_block": "",
            "network_acl_id": "acl-04aff555510bae6c8",
            "protocol": "all",
            "rule_action": "allow",
            "rule_number": 100,
            "to_port": 0
          },
          "private": "bnVsbA==",
          "dependencies": [
            "module.vpc.aws_network_acl.public",
            "module.vpc.aws_subnet.public",
            "module.vpc.aws_vpc.default"
          ]
        }
      ]
    },
    {
      "module": "module.vpc",
      "mode": "managed",
      "type": "aws_network_acl_rule",
      "name": "public_ingress",
      "provider": "provider.aws",
      "instances": [
        {
          "schema_version": 0,
          "attributes": {
            "cidr_block": "0.0.0.0/0",
            "egress": false,
            "from_port": 0,
            "icmp_code": null,
            "icmp_type": null,
            "id": "nacl-446646828",
            "ipv6_cidr_block": "",
            "network_acl_id": "acl-04aff555510bae6c8",
            "protocol": "all",
            "rule_action": "allow",
            "rule_number": 100,
            "to_port": 0
          },
          "private": "bnVsbA==",
          "dependencies": [
            "module.vpc.aws_network_acl.public",
            "module.vpc.aws_subnet.public",
            "module.vpc.aws_vpc.default"
          ]
        }
      ]
    },
    {
      "module": "module.vpc",
      "mode": "managed",
      "type": "aws_route",
      "name": "private",
      "each": "list",
      "provider": "provider.aws",
      "instances": []
    },
    {
      "module": "module.vpc",
      "mode": "managed",
      "type": "aws_route",
      "name": "public",
      "provider": "provider.aws",
      "instances": [
        {
          "schema_version": 0,
          "attributes": {
            "destination_cidr_block": "0.0.0.0/0",
            "destination_ipv6_cidr_block": null,
            "destination_prefix_list_id": "",
            "egress_only_gateway_id": "",
            "gateway_id": "igw-03f4d26413d53c8e6",
            "id": "r-rtb-0730edbfb94f2d8e41080289494",
            "instance_id": "",
            "instance_owner_id": "",
            "nat_gateway_id": "",
            "network_interface_id": "",
            "origin": "CreateRoute",
            "route_table_id": "rtb-0730edbfb94f2d8e4",
            "state": "active",
            "timeouts": null,
            "transit_gateway_id": "",
            "vpc_peering_connection_id": ""
          },
          "private": "eyJlMmJmYjczMC1lY2FhLTExZTYtOGY4OC0zNDM2M2JjN2M0YzAiOnsiY3JlYXRlIjoxMjAwMDAwMDAwMDAsImRlbGV0ZSI6MzAwMDAwMDAwMDAwfX0=",
          "dependencies": [
            "module.vpc.aws_internet_gateway.default",
            "module.vpc.aws_route_table.public",
            "module.vpc.aws_vpc.default"
          ]
        }
      ]
    },
    {
      "module": "module.vpc",
      "mode": "managed",
      "type": "aws_route_table",
      "name": "private",
      "each": "list",
      "provider": "provider.aws",
      "instances": []
    },
    {
      "module": "module.vpc",
      "mode": "managed",
      "type": "aws_route_table",
      "name": "public",
      "provider": "provider.aws",
      "instances": [
        {
          "schema_version": 0,
          "attributes": {
            "id": "rtb-0730edbfb94f2d8e4",
            "owner_id": "219905775130",
            "propagating_vgws": [],
            "route": [],
            "tags": {
              "Name": "reconciliation_vpc-public"
            },
            "vpc_id": "vpc-09ad151af33dbaf36"
          },
          "private": "bnVsbA==",
          "dependencies": [
            "module.vpc.aws_vpc.default"
          ]
        }
      ]
    },
    {
      "module": "module.vpc",
      "mode": "managed",
      "type": "aws_route_table_association",
      "name": "private",
      "each": "list",
      "provider": "provider.aws",
      "instances": []
    },
    {
      "module": "module.vpc",
      "mode": "managed",
      "type": "aws_route_table_association",
      "name": "public",
      "each": "list",
      "provider": "provider.aws",
      "instances": [
        {
          "index_key": 0,
          "schema_version": 0,
          "attributes": {
            "gateway_id": null,
            "id": "rtbassoc-02b6878ac293f7f2b",
            "route_table_id": "rtb-0730edbfb94f2d8e4",
            "subnet_id": "subnet-0f7590dbabdb3be5b"
          },
          "private": "bnVsbA==",
          "dependencies": [
            "module.vpc.aws_route_table.public",
            "module.vpc.aws_subnet.public",
            "module.vpc.aws_vpc.default"
          ]
        },
        {
          "index_key": 1,
          "schema_version": 0,
          "attributes": {
            "gateway_id": null,
            "id": "rtbassoc-06bc32c09f87c39ae",
            "route_table_id": "rtb-0730edbfb94f2d8e4",
            "subnet_id": "subnet-0e4c36af3396412c8"
          },
          "private": "bnVsbA==",
          "dependencies": [
            "module.vpc.aws_route_table.public",
            "module.vpc.aws_subnet.public",
            "module.vpc.aws_vpc.default"
          ]
        }
      ]
    },
    {
      "module": "module.security_group",
      "mode": "managed",
      "type": "aws_security_group",
      "name": "security_group",
      "provider": "provider.aws",
      "instances": [
        {
          "schema_version": 1,
          "attributes": {
            "arn": "arn:aws:ec2:us-west-1:219905775130:security-group/sg-0260b8d25009b85ae",
            "description": "Managed by Terraform",
            "egress": [
              {
                "cidr_blocks": [
                  "0.0.0.0/0"
                ],
                "description": "",
                "from_port": 0,
                "ipv6_cidr_blocks": [],
                "prefix_list_ids": [],
                "protocol": "-1",
                "security_groups": [],
                "self": false,
                "to_port": 0
              }
            ],
            "id": "sg-0260b8d25009b85ae",
            "ingress": [
              {
                "cidr_blocks": [
                  "0.0.0.0/0"
                ],
                "description": "",
                "from_port": 22,
                "ipv6_cidr_blocks": [],
                "prefix_list_ids": [],
                "protocol": "tcp",
                "security_groups": [],
                "self": false,
                "to_port": 22
              },
              {
                "cidr_blocks": [
                  "0.0.0.0/0"
                ],
                "description": "",
                "from_port": 6379,
                "ipv6_cidr_blocks": [],
                "prefix_list_ids": [],
                "protocol": "tcp",
                "security_groups": [],
                "self": false,
                "to_port": 6379
              },
              {
                "cidr_blocks": [
                  "0.0.0.0/0"
                ],
                "description": "",
                "from_port": 8001,
                "ipv6_cidr_blocks": [],
                "prefix_list_ids": [],
                "protocol": "tcp",
                "security_groups": [],
                "self": false,
                "to_port": 8001
              },
              {
                "cidr_blocks": [
                  "0.0.0.0/0"
                ],
                "description": "",
                "from_port": 8002,
                "ipv6_cidr_blocks": [],
                "prefix_list_ids": [],
                "protocol": "tcp",
                "security_groups": [],
                "self": false,
                "to_port": 8002
              },
              {
                "cidr_blocks": [
                  "0.0.0.0/0"
                ],
                "description": "",
                "from_port": 9000,
                "ipv6_cidr_blocks": [],
                "prefix_list_ids": [],
                "protocol": "tcp",
                "security_groups": [],
                "self": false,
                "to_port": 9000
              }
            ],
            "name": "reconciliation_ci_security_group",
            "name_prefix": null,
            "owner_id": "219905775130",
            "revoke_rules_on_delete": false,
            "tags": null,
            "timeouts": null,
            "vpc_id": "vpc-09ad151af33dbaf36"
          },
          "private": "eyJlMmJmYjczMC1lY2FhLTExZTYtOGY4OC0zNDM2M2JjN2M0YzAiOnsiY3JlYXRlIjo2MDAwMDAwMDAwMDAsImRlbGV0ZSI6NjAwMDAwMDAwMDAwfSwic2NoZW1hX3ZlcnNpb24iOiIxIn0=",
          "dependencies": [
            "module.vpc.aws_vpc.default"
          ]
        }
      ]
    },
    {
      "module": "module.vpc",
      "mode": "managed",
      "type": "aws_subnet",
      "name": "private",
      "each": "list",
      "provider": "provider.aws",
      "instances": []
    },
    {
      "module": "module.vpc",
      "mode": "managed",
      "type": "aws_subnet",
      "name": "public",
      "each": "list",
      "provider": "provider.aws",
      "instances": [
        {
          "index_key": 0,
          "schema_version": 1,
          "attributes": {
            "arn": "arn:aws:ec2:us-west-1:219905775130:subnet/subnet-0f7590dbabdb3be5b",
            "assign_ipv6_address_on_creation": false,
            "availability_zone": "us-west-1a",
            "availability_zone_id": "usw1-az1",
            "cidr_block": "10.250.192.0/26",
            "id": "subnet-0f7590dbabdb3be5b",
            "ipv6_cidr_block": "",
            "ipv6_cidr_block_association_id": "",
            "map_public_ip_on_launch": true,
            "owner_id": "219905775130",
            "tags": {
              "Name": "reconciliation_vpc-public-0"
            },
            "timeouts": null,
            "vpc_id": "vpc-09ad151af33dbaf36"
          },
          "private": "eyJlMmJmYjczMC1lY2FhLTExZTYtOGY4OC0zNDM2M2JjN2M0YzAiOnsiY3JlYXRlIjo2MDAwMDAwMDAwMDAsImRlbGV0ZSI6MTIwMDAwMDAwMDAwMH0sInNjaGVtYV92ZXJzaW9uIjoiMSJ9",
          "dependencies": [
            "module.vpc.aws_vpc.default"
          ]
        },
        {
          "index_key": 1,
          "schema_version": 1,
          "attributes": {
            "arn": "arn:aws:ec2:us-west-1:219905775130:subnet/subnet-0e4c36af3396412c8",
            "assign_ipv6_address_on_creation": false,
            "availability_zone": "us-west-1c",
            "availability_zone_id": "usw1-az3",
            "cidr_block": "10.250.192.64/26",
            "id": "subnet-0e4c36af3396412c8",
            "ipv6_cidr_block": "",
            "ipv6_cidr_block_association_id": "",
            "map_public_ip_on_launch": true,
            "owner_id": "219905775130",
            "tags": {
              "Name": "reconciliation_vpc-public-1"
            },
            "timeouts": null,
            "vpc_id": "vpc-09ad151af33dbaf36"
          },
          "private": "eyJlMmJmYjczMC1lY2FhLTExZTYtOGY4OC0zNDM2M2JjN2M0YzAiOnsiY3JlYXRlIjo2MDAwMDAwMDAwMDAsImRlbGV0ZSI6MTIwMDAwMDAwMDAwMH0sInNjaGVtYV92ZXJzaW9uIjoiMSJ9",
          "dependencies": [
            "module.vpc.aws_vpc.default"
          ]
        }
      ]
    },
    {
      "module": "module.vpc",
      "mode": "managed",
      "type": "aws_vpc",
      "name": "default",
      "provider": "provider.aws",
      "instances": [
        {
          "schema_version": 1,
          "attributes": {
            "arn": "arn:aws:ec2:us-west-1:219905775130:vpc/vpc-09ad151af33dbaf36",
            "assign_generated_ipv6_cidr_block": false,
            "cidr_block": "10.250.192.0/18",
            "default_network_acl_id": "acl-0e7e9cf6951546513",
            "default_route_table_id": "rtb-0c908c07baa80af95",
            "default_security_group_id": "sg-0368ca108b05597b2",
            "dhcp_options_id": "dopt-70829317",
            "enable_classiclink": false,
            "enable_classiclink_dns_support": false,
            "enable_dns_hostnames": true,
            "enable_dns_support": true,
            "id": "vpc-09ad151af33dbaf36",
            "instance_tenancy": "default",
            "ipv6_association_id": "",
            "ipv6_cidr_block": "",
            "main_route_table_id": "rtb-0c908c07baa80af95",
            "owner_id": "219905775130",
            "tags": {
              "Name": "reconciliation_vpc"
            }
          },
          "private": "eyJzY2hlbWFfdmVyc2lvbiI6IjEifQ=="
        }
      ]
    },
    {
      "module": "module.key_pair",
      "mode": "managed",
      "type": "local_file",
      "name": "private_key_pem",
      "provider": "provider.local",
      "instances": [
        {
          "schema_version": 0,
          "attributes": {
            "content": "-----BEGIN RSA PRIVATE KEY-----\nMIIEowIBAAKCAQEAwgPkJ66jXCvo3xgEFbFhbLtOTIX+qK0CoegIRPCwbnQ2016a\nU3RrCD3zDylBC3IDV5aY31Co7dlhsQuwItE3H4zArYSow/iXco+v+xt2f0Tm3NPq\nqJ267KoZ6BCh2bprw6fPL+0WamSgkf/s1yOP8X5pk4QPScREoygllz2Bhcs69+7C\njUBeiz9moPM9lFnJrD7+PiOVnV5Bh7lRn9ERIbVRECc1T9IgaB8gNLYhMUqi4fI/\n1+RsXgwkeqwpNlmD2QnjXyokKVCKQ2vm3IqU5K/auK3X6AfxDY65kzPIpLf+6sY+\nR2fssVdN7AiapBaMNU4jBB8CEucvo5wqpFLyAQIDAQABAoIBAHkxSRHoqy7mVt8U\n92g9l2f+UNjIUt02xZAxiwjVeMBmY+EBFVHQRROu7uenk3P80k2iSvgkQIHi6n1X\nmb0GB3Lzz2AUn/9ah/AOBZXL/+dcOQH0dn7BmIRBdVFbIl8JbkuXxXpglUH8fbj1\nrxJsqnvlxTlaotoneeCZMXIZ/5B83eAxQQREh7ebAKVZaJwYq6jEuyXmoQL/AQ8r\nvHUaUdWbt2ZOiEeXg5aybh9sXElW26h+aDB6ECC6wwY1Kf2AkGl+MKtHYEPbduOM\nwOG/XKjSbdsnsHGvnl9sblySsR4Mi1kAMu43RfNpZQPLgbq2/q2ZWhFqJTLw2KU7\n01SMp8kCgYEA7fN/Pdlrleq4UgNJHzMkhx45QB8P4T5rrvhpPCtI2XeXfkAeZLON\n53Awk6UZoVab8CwTo7vxe1RO6IGwDnOYjAA5kDBRWK75seHuDHBeW9XWyGHgAyJl\nvzYrqUJ5kd28wdZg+2cd9FEwTf2rjFpAVisVCRHPi3LPGi3K+u+GdxMCgYEA0LtA\ncrIe36N5iMBFMJFNBjafgDJZ6V076Vr3nRXWwPa137T4ZwPyzxXV1KaO4aVoveU+\nnp4UbkZ9w6OwEzCll2t2uc3OlGcxcgtlyZ92FcNM8S+1+7v9kYLfwc3s8XKpyT7L\n0RZhFOL6CRDqkoIP+8FCOIh9Xyft44U483i3cRsCgYEA1LAoVM1JN+hktpHPQz8A\ncHHYdHMPS6Lyt6O81JZP+GnIFIYVZKeFuI/0K5SQU0DKA6QyLdEpKLaUDYkWJ+S1\nPrZYvYQiweUstQ4gLCgof2elItkxVTvivEYcQp9zcKlFNfF8IFrsUFxdk+ig9MQa\n66p4k/HClH+blGfIHgIJK9cCgYAtfzNMDNE38/0QtsAeFv3QBeX8Xn1EpaLieYaR\ngeoeg2gfS+X9Jlotk1fZkzh/rLtI8QgWMOTJKKpPE4XUmPzvJWhqlZaauGeJsTxN\nl2l40uoZhEnJhi9+ISW+q7Ei69hgWkS43YTptZPEmCBZMOpk+LoDcpTJQf3TYv2H\n7F8n0wKBgHniRzKz1JYeelqGunuC3cuw2RNJcrIg1UkUD7rrZ6c+2TzYuMkLgBzJ\nR1VOr/zAKYywWN6f1TrhspWUNOsmlqzEltRDDMcnkf7hszO1tZxHGyIAiPtiCIul\n1woeCrsFWZ4akozZzChIqFGDb3ZBm1dWdcVZzY4GfKMsPPmHHP93\n-----END RSA PRIVATE KEY-----\n",
            "content_base64": null,
            "directory_permission": "0777",
            "file_permission": "0777",
            "filename": "./secrets/reconciliation-key.pem",
            "id": "5f33815753c3ee45e7ef3c5133904017c60c77e8",
            "sensitive_content": null
          },
          "private": "bnVsbA==",
          "dependencies": [
            "module.key_pair.tls_private_key.private_key"
          ]
        }
      ]
    },
    {
      "module": "module.key_pair",
      "mode": "managed",
      "type": "local_file",
      "name": "public_key_openssh",
      "provider": "provider.local",
      "instances": [
        {
          "schema_version": 0,
          "attributes": {
            "content": "ssh-rsa AAAAB3NzaC1yc2EAAAADAQABAAABAQDCA+QnrqNcK+jfGAQVsWFsu05Mhf6orQKh6AhE8LBudDbTXppTdGsIPfMPKUELcgNXlpjfUKjt2WGxC7Ai0TcfjMCthKjD+Jdyj6/7G3Z/RObc0+qonbrsqhnoEKHZumvDp88v7RZqZKCR/+zXI4/xfmmThA9JxESjKCWXPYGFyzr37sKNQF6LP2ag8z2UWcmsPv4+I5WdXkGHuVGf0REhtVEQJzVP0iBoHyA0tiExSqLh8j/X5GxeDCR6rCk2WYPZCeNfKiQpUIpDa+bcipTkr9q4rdfoB/ENjrmTM8ikt/7qxj5HZ+yxV03sCJqkFow1TiMEHwIS5y+jnCqkUvIB\n",
            "content_base64": null,
            "directory_permission": "0777",
            "file_permission": "0777",
            "filename": "./secrets/reconciliation-key.pub",
            "id": "f308533b22c75f3b60ccff888654eb7f409a6536",
            "sensitive_content": null
          },
          "private": "bnVsbA==",
          "dependencies": [
            "module.key_pair.tls_private_key.private_key"
          ]
        }
      ]
    },
    {
      "module": "module.key_pair",
      "mode": "managed",
      "type": "null_resource",
      "name": "chmod",
      "provider": "provider.null",
      "instances": [
        {
          "schema_version": 0,
          "attributes": {
            "id": "642520560271888980",
            "triggers": {
              "local_file_private_key_pem": "local_file.private_key_pem"
            }
          },
          "private": "bnVsbA==",
          "dependencies": [
            "module.key_pair.local_file.private_key_pem",
            "module.key_pair.tls_private_key.private_key"
          ]
        }
      ]
    },
    {
      "mode": "managed",
      "type": "null_resource",
      "name": "copy_install_jenkins_shell_script",
      "provider": "provider.null",
      "instances": [
        {
          "schema_version": 0,
          "attributes": {
            "id": "6563788373674123981",
            "triggers": null
          },
          "private": "bnVsbA==",
          "dependencies": [
            "module.ci_instance.aws_instance.ec2-instance",
            "module.key_pair.aws_key_pair.generated_key",
            "module.key_pair.tls_private_key.private_key",
            "module.security_group.aws_security_group.security_group",
            "module.vpc.aws_subnet.public",
            "module.vpc.aws_vpc.default"
          ]
        }
      ]
    },
    {
      "mode": "managed",
      "type": "null_resource",
      "name": "install_Jenkins",
      "provider": "provider.null",
      "instances": [
        {
          "schema_version": 0,
          "attributes": {
            "id": "2076431517777296613",
            "triggers": null
          },
          "private": "bnVsbA==",
          "dependencies": [
            "module.ci_instance.aws_instance.ec2-instance",
            "module.key_pair.aws_key_pair.generated_key",
            "module.key_pair.tls_private_key.private_key",
            "module.security_group.aws_security_group.security_group",
            "module.vpc.aws_subnet.public",
            "module.vpc.aws_vpc.default",
            "null_resource.copy_install_jenkins_shell_script"
          ]
        }
      ]
    },
    {
      "module": "module.key_pair",
      "mode": "managed",
      "type": "tls_private_key",
      "name": "private_key",
      "provider": "provider.tls",
      "instances": [
        {
          "schema_version": 0,
          "attributes": {
            "algorithm": "RSA",
            "ecdsa_curve": "P224",
            "id": "6d0f7162f58f705bc1aff99116ab069fcee87b90",
            "private_key_pem": "-----BEGIN RSA PRIVATE KEY-----\nMIIEowIBAAKCAQEAwgPkJ66jXCvo3xgEFbFhbLtOTIX+qK0CoegIRPCwbnQ2016a\nU3RrCD3zDylBC3IDV5aY31Co7dlhsQuwItE3H4zArYSow/iXco+v+xt2f0Tm3NPq\nqJ267KoZ6BCh2bprw6fPL+0WamSgkf/s1yOP8X5pk4QPScREoygllz2Bhcs69+7C\njUBeiz9moPM9lFnJrD7+PiOVnV5Bh7lRn9ERIbVRECc1T9IgaB8gNLYhMUqi4fI/\n1+RsXgwkeqwpNlmD2QnjXyokKVCKQ2vm3IqU5K/auK3X6AfxDY65kzPIpLf+6sY+\nR2fssVdN7AiapBaMNU4jBB8CEucvo5wqpFLyAQIDAQABAoIBAHkxSRHoqy7mVt8U\n92g9l2f+UNjIUt02xZAxiwjVeMBmY+EBFVHQRROu7uenk3P80k2iSvgkQIHi6n1X\nmb0GB3Lzz2AUn/9ah/AOBZXL/+dcOQH0dn7BmIRBdVFbIl8JbkuXxXpglUH8fbj1\nrxJsqnvlxTlaotoneeCZMXIZ/5B83eAxQQREh7ebAKVZaJwYq6jEuyXmoQL/AQ8r\nvHUaUdWbt2ZOiEeXg5aybh9sXElW26h+aDB6ECC6wwY1Kf2AkGl+MKtHYEPbduOM\nwOG/XKjSbdsnsHGvnl9sblySsR4Mi1kAMu43RfNpZQPLgbq2/q2ZWhFqJTLw2KU7\n01SMp8kCgYEA7fN/Pdlrleq4UgNJHzMkhx45QB8P4T5rrvhpPCtI2XeXfkAeZLON\n53Awk6UZoVab8CwTo7vxe1RO6IGwDnOYjAA5kDBRWK75seHuDHBeW9XWyGHgAyJl\nvzYrqUJ5kd28wdZg+2cd9FEwTf2rjFpAVisVCRHPi3LPGi3K+u+GdxMCgYEA0LtA\ncrIe36N5iMBFMJFNBjafgDJZ6V076Vr3nRXWwPa137T4ZwPyzxXV1KaO4aVoveU+\nnp4UbkZ9w6OwEzCll2t2uc3OlGcxcgtlyZ92FcNM8S+1+7v9kYLfwc3s8XKpyT7L\n0RZhFOL6CRDqkoIP+8FCOIh9Xyft44U483i3cRsCgYEA1LAoVM1JN+hktpHPQz8A\ncHHYdHMPS6Lyt6O81JZP+GnIFIYVZKeFuI/0K5SQU0DKA6QyLdEpKLaUDYkWJ+S1\nPrZYvYQiweUstQ4gLCgof2elItkxVTvivEYcQp9zcKlFNfF8IFrsUFxdk+ig9MQa\n66p4k/HClH+blGfIHgIJK9cCgYAtfzNMDNE38/0QtsAeFv3QBeX8Xn1EpaLieYaR\ngeoeg2gfS+X9Jlotk1fZkzh/rLtI8QgWMOTJKKpPE4XUmPzvJWhqlZaauGeJsTxN\nl2l40uoZhEnJhi9+ISW+q7Ei69hgWkS43YTptZPEmCBZMOpk+LoDcpTJQf3TYv2H\n7F8n0wKBgHniRzKz1JYeelqGunuC3cuw2RNJcrIg1UkUD7rrZ6c+2TzYuMkLgBzJ\nR1VOr/zAKYywWN6f1TrhspWUNOsmlqzEltRDDMcnkf7hszO1tZxHGyIAiPtiCIul\n1woeCrsFWZ4akozZzChIqFGDb3ZBm1dWdcVZzY4GfKMsPPmHHP93\n-----END RSA PRIVATE KEY-----\n",
            "public_key_fingerprint_md5": "94:48:b4:33:0f:c4:b0:19:26:15:21:e7:b4:9b:a8:cc",
            "public_key_openssh": "ssh-rsa AAAAB3NzaC1yc2EAAAADAQABAAABAQDCA+QnrqNcK+jfGAQVsWFsu05Mhf6orQKh6AhE8LBudDbTXppTdGsIPfMPKUELcgNXlpjfUKjt2WGxC7Ai0TcfjMCthKjD+Jdyj6/7G3Z/RObc0+qonbrsqhnoEKHZumvDp88v7RZqZKCR/+zXI4/xfmmThA9JxESjKCWXPYGFyzr37sKNQF6LP2ag8z2UWcmsPv4+I5WdXkGHuVGf0REhtVEQJzVP0iBoHyA0tiExSqLh8j/X5GxeDCR6rCk2WYPZCeNfKiQpUIpDa+bcipTkr9q4rdfoB/ENjrmTM8ikt/7qxj5HZ+yxV03sCJqkFow1TiMEHwIS5y+jnCqkUvIB\n",
            "public_key_pem": "-----BEGIN PUBLIC KEY-----\nMIIBIjANBgkqhkiG9w0BAQEFAAOCAQ8AMIIBCgKCAQEAwgPkJ66jXCvo3xgEFbFh\nbLtOTIX+qK0CoegIRPCwbnQ2016aU3RrCD3zDylBC3IDV5aY31Co7dlhsQuwItE3\nH4zArYSow/iXco+v+xt2f0Tm3NPqqJ267KoZ6BCh2bprw6fPL+0WamSgkf/s1yOP\n8X5pk4QPScREoygllz2Bhcs69+7CjUBeiz9moPM9lFnJrD7+PiOVnV5Bh7lRn9ER\nIbVRECc1T9IgaB8gNLYhMUqi4fI/1+RsXgwkeqwpNlmD2QnjXyokKVCKQ2vm3IqU\n5K/auK3X6AfxDY65kzPIpLf+6sY+R2fssVdN7AiapBaMNU4jBB8CEucvo5wqpFLy\nAQIDAQAB\n-----END PUBLIC KEY-----\n",
            "rsa_bits": 2048
          },
          "private": "bnVsbA=="
        }
      ]
    }
  ]
}
